// !$*UTF8*$!
{
	archiveVersion = 1;
	classes = {
	};
	objectVersion = 51;
	objects = {

/* Begin PBXBuildFile section */
		92E03793A648CE97F027357E /* Pods_SwiftProjectExampleQ.framework in Frameworks */ = {isa = PBXBuildFile; fileRef = A283276C33FA5E262EE31A6E /* Pods_SwiftProjectExampleQ.framework */; };
		97CFE9DDE7730863B263AF8E /* Pods_SwiftProjectExample.framework in Frameworks */ = {isa = PBXBuildFile; fileRef = C761E024DB903D69B23E0930 /* Pods_SwiftProjectExample.framework */; };
		C41AED9422FD0D6C004CDD8A /* TBWebViewVC.swift in Sources */ = {isa = PBXBuildFile; fileRef = C41AED9322FD0D6C004CDD8A /* TBWebViewVC.swift */; };
		C41AED9522FD0D6C004CDD8A /* TBWebViewVC.swift in Sources */ = {isa = PBXBuildFile; fileRef = C41AED9322FD0D6C004CDD8A /* TBWebViewVC.swift */; };
		C46EBE762335C2860027E786 /* YKSwInventoryManager.swift in Sources */ = {isa = PBXBuildFile; fileRef = C46EBE752335C2860027E786 /* YKSwInventoryManager.swift */; };
		C46EBE772335C2860027E786 /* YKSwInventoryManager.swift in Sources */ = {isa = PBXBuildFile; fileRef = C46EBE752335C2860027E786 /* YKSwInventoryManager.swift */; };
		C46EBE7A2335C41A0027E786 /* YKSwInventoryCell.swift in Sources */ = {isa = PBXBuildFile; fileRef = C46EBE792335C41A0027E786 /* YKSwInventoryCell.swift */; };
		C46EBE7B2335C41A0027E786 /* YKSwInventoryCell.swift in Sources */ = {isa = PBXBuildFile; fileRef = C46EBE792335C41A0027E786 /* YKSwInventoryCell.swift */; };
		C46EBE7E2335D0550027E786 /* YKSwInvenFootView.swift in Sources */ = {isa = PBXBuildFile; fileRef = C46EBE7D2335D0550027E786 /* YKSwInvenFootView.swift */; };
		C46EBE7F2335D0550027E786 /* YKSwInvenFootView.swift in Sources */ = {isa = PBXBuildFile; fileRef = C46EBE7D2335D0550027E786 /* YKSwInvenFootView.swift */; };
		C46EBE832335D1AE0027E786 /* ysf_btn_bgimage.png in Resources */ = {isa = PBXBuildFile; fileRef = C46EBE812335D1AE0027E786 /* ysf_btn_bgimage.png */; };
		C46EBE842335D1AE0027E786 /* ysf_btn_bgimage.png in Resources */ = {isa = PBXBuildFile; fileRef = C46EBE812335D1AE0027E786 /* ysf_btn_bgimage.png */; };
		C46EBE852335D1AE0027E786 /* ysf_btn_bgimage@3x.png in Resources */ = {isa = PBXBuildFile; fileRef = C46EBE822335D1AE0027E786 /* ysf_btn_bgimage@3x.png */; };
		C46EBE862335D1AE0027E786 /* ysf_btn_bgimage@3x.png in Resources */ = {isa = PBXBuildFile; fileRef = C46EBE822335D1AE0027E786 /* ysf_btn_bgimage@3x.png */; };
		C48E6E4522F80EB900AE7EEF /* AppDelegate.swift in Sources */ = {isa = PBXBuildFile; fileRef = C48E6E4422F80EB900AE7EEF /* AppDelegate.swift */; };
		C48E6E4722F80EB900AE7EEF /* ViewController.swift in Sources */ = {isa = PBXBuildFile; fileRef = C48E6E4622F80EB900AE7EEF /* ViewController.swift */; };
		C48E6E4A22F80EB900AE7EEF /* Main.storyboard in Resources */ = {isa = PBXBuildFile; fileRef = C48E6E4822F80EB900AE7EEF /* Main.storyboard */; };
		C48E6E4C22F80EBE00AE7EEF /* Assets.xcassets in Resources */ = {isa = PBXBuildFile; fileRef = C48E6E4B22F80EBE00AE7EEF /* Assets.xcassets */; };
		C48E6E4F22F80EBE00AE7EEF /* LaunchScreen.storyboard in Resources */ = {isa = PBXBuildFile; fileRef = C48E6E4D22F80EBE00AE7EEF /* LaunchScreen.storyboard */; };
		C48E6E6822F80FEF00AE7EEF /* ViewController.swift in Sources */ = {isa = PBXBuildFile; fileRef = C48E6E4622F80EB900AE7EEF /* ViewController.swift */; };
		C48E6E6922F80FEF00AE7EEF /* AppDelegate.swift in Sources */ = {isa = PBXBuildFile; fileRef = C48E6E4422F80EB900AE7EEF /* AppDelegate.swift */; };
		C48E6E6C22F80FEF00AE7EEF /* LaunchScreen.storyboard in Resources */ = {isa = PBXBuildFile; fileRef = C48E6E4D22F80EBE00AE7EEF /* LaunchScreen.storyboard */; };
		C48E6E6D22F80FEF00AE7EEF /* Assets.xcassets in Resources */ = {isa = PBXBuildFile; fileRef = C48E6E4B22F80EBE00AE7EEF /* Assets.xcassets */; };
		C48E6E6E22F80FEF00AE7EEF /* Main.storyboard in Resources */ = {isa = PBXBuildFile; fileRef = C48E6E4822F80EB900AE7EEF /* Main.storyboard */; };
		C48E6E8322FA736500AE7EEF /* TBTabbarController.swift in Sources */ = {isa = PBXBuildFile; fileRef = C48E6E8222FA736500AE7EEF /* TBTabbarController.swift */; };
		C48E6E8422FA736500AE7EEF /* TBTabbarController.swift in Sources */ = {isa = PBXBuildFile; fileRef = C48E6E8222FA736500AE7EEF /* TBTabbarController.swift */; };
		C48E6E8B22FA758800AE7EEF /* TBBaseVC.swift in Sources */ = {isa = PBXBuildFile; fileRef = C48E6E8A22FA758800AE7EEF /* TBBaseVC.swift */; };
		C48E6E8C22FA758800AE7EEF /* TBBaseVC.swift in Sources */ = {isa = PBXBuildFile; fileRef = C48E6E8A22FA758800AE7EEF /* TBBaseVC.swift */; };
		C48E6E8E22FA75B900AE7EEF /* TBBaseNavVC.swift in Sources */ = {isa = PBXBuildFile; fileRef = C48E6E8D22FA75B900AE7EEF /* TBBaseNavVC.swift */; };
		C48E6E8F22FA75B900AE7EEF /* TBBaseNavVC.swift in Sources */ = {isa = PBXBuildFile; fileRef = C48E6E8D22FA75B900AE7EEF /* TBBaseNavVC.swift */; };
		C48E6E9122FA76A200AE7EEF /* TBShowUIVC.swift in Sources */ = {isa = PBXBuildFile; fileRef = C48E6E9022FA76A200AE7EEF /* TBShowUIVC.swift */; };
		C48E6E9222FA76A200AE7EEF /* TBShowUIVC.swift in Sources */ = {isa = PBXBuildFile; fileRef = C48E6E9022FA76A200AE7EEF /* TBShowUIVC.swift */; };
		C48E6E9422FA76EF00AE7EEF /* TBShowJsonVC.swift in Sources */ = {isa = PBXBuildFile; fileRef = C48E6E9322FA76EF00AE7EEF /* TBShowJsonVC.swift */; };
		C48E6E9522FA76EF00AE7EEF /* TBShowJsonVC.swift in Sources */ = {isa = PBXBuildFile; fileRef = C48E6E9322FA76EF00AE7EEF /* TBShowJsonVC.swift */; };
		C48E6E9722FA770700AE7EEF /* TBShowRxVC.swift in Sources */ = {isa = PBXBuildFile; fileRef = C48E6E9622FA770700AE7EEF /* TBShowRxVC.swift */; };
		C48E6E9822FA770700AE7EEF /* TBShowRxVC.swift in Sources */ = {isa = PBXBuildFile; fileRef = C48E6E9622FA770700AE7EEF /* TBShowRxVC.swift */; };
		C48E6E9A22FA772600AE7EEF /* TBShowNetWorkingVC.swift in Sources */ = {isa = PBXBuildFile; fileRef = C48E6E9922FA772600AE7EEF /* TBShowNetWorkingVC.swift */; };
		C48E6E9B22FA772600AE7EEF /* TBShowNetWorkingVC.swift in Sources */ = {isa = PBXBuildFile; fileRef = C48E6E9922FA772600AE7EEF /* TBShowNetWorkingVC.swift */; };
		C48E6E9D22FA774400AE7EEF /* TBShowSQLVC.swift in Sources */ = {isa = PBXBuildFile; fileRef = C48E6E9C22FA774400AE7EEF /* TBShowSQLVC.swift */; };
		C48E6E9E22FA774400AE7EEF /* TBShowSQLVC.swift in Sources */ = {isa = PBXBuildFile; fileRef = C48E6E9C22FA774400AE7EEF /* TBShowSQLVC.swift */; };
		C48E6EA022FAAAFF00AE7EEF /* TBContansts.swift in Sources */ = {isa = PBXBuildFile; fileRef = C48E6E9F22FAAAFF00AE7EEF /* TBContansts.swift */; };
		C48E6EA122FAAAFF00AE7EEF /* TBContansts.swift in Sources */ = {isa = PBXBuildFile; fileRef = C48E6E9F22FAAAFF00AE7EEF /* TBContansts.swift */; };
		C48E6EA322FAAD7800AE7EEF /* UIColor+Extension.swift in Sources */ = {isa = PBXBuildFile; fileRef = C48E6EA222FAAD7800AE7EEF /* UIColor+Extension.swift */; };
		C48E6EA422FAAD7800AE7EEF /* UIColor+Extension.swift in Sources */ = {isa = PBXBuildFile; fileRef = C48E6EA222FAAD7800AE7EEF /* UIColor+Extension.swift */; };
		C48E6EA622FAC0E300AE7EEF /* UIView+Extension.swift in Sources */ = {isa = PBXBuildFile; fileRef = C48E6EA522FAC0E300AE7EEF /* UIView+Extension.swift */; };
		C48E6EA722FAC0E300AE7EEF /* UIView+Extension.swift in Sources */ = {isa = PBXBuildFile; fileRef = C48E6EA522FAC0E300AE7EEF /* UIView+Extension.swift */; };
		C4A03FA0230FD6C400F5D5FE /* GitHubMVVMVC.swift in Sources */ = {isa = PBXBuildFile; fileRef = C4A03F9F230FD6C400F5D5FE /* GitHubMVVMVC.swift */; };
		C4A03FA1230FD6C400F5D5FE /* GitHubMVVMVC.swift in Sources */ = {isa = PBXBuildFile; fileRef = C4A03F9F230FD6C400F5D5FE /* GitHubMVVMVC.swift */; };
		C4A03FA723150F7400F5D5FE /* TBLoginVC.swift in Sources */ = {isa = PBXBuildFile; fileRef = C4A03FA623150F7400F5D5FE /* TBLoginVC.swift */; };
		C4A03FA823150F7400F5D5FE /* TBLoginVC.swift in Sources */ = {isa = PBXBuildFile; fileRef = C4A03FA623150F7400F5D5FE /* TBLoginVC.swift */; };
		C4A382922303A1500035866C /* RXLabelVC.swift in Sources */ = {isa = PBXBuildFile; fileRef = C4A382912303A1500035866C /* RXLabelVC.swift */; };
		C4A382932303A1500035866C /* RXLabelVC.swift in Sources */ = {isa = PBXBuildFile; fileRef = C4A382912303A1500035866C /* RXLabelVC.swift */; };
		C4A382952303ADCE0035866C /* RXTextFileVC.swift in Sources */ = {isa = PBXBuildFile; fileRef = C4A382942303ADCE0035866C /* RXTextFileVC.swift */; };
		C4A382962303ADCE0035866C /* RXTextFileVC.swift in Sources */ = {isa = PBXBuildFile; fileRef = C4A382942303ADCE0035866C /* RXTextFileVC.swift */; };
		C4A4D7262305505000E7F759 /* RXButtonVC.swift in Sources */ = {isa = PBXBuildFile; fileRef = C4A4D7252305505000E7F759 /* RXButtonVC.swift */; };
		C4A4D7272305505000E7F759 /* RXButtonVC.swift in Sources */ = {isa = PBXBuildFile; fileRef = C4A4D7252305505000E7F759 /* RXButtonVC.swift */; };
		C4A4D72923058C7E00E7F759 /* RXSwitchVC.swift in Sources */ = {isa = PBXBuildFile; fileRef = C4A4D72823058C7E00E7F759 /* RXSwitchVC.swift */; };
		C4A4D72A23058C7E00E7F759 /* RXSwitchVC.swift in Sources */ = {isa = PBXBuildFile; fileRef = C4A4D72823058C7E00E7F759 /* RXSwitchVC.swift */; };
		C4A4D72C2306536F00E7F759 /* RXActivityIndicatorViewVC.swift in Sources */ = {isa = PBXBuildFile; fileRef = C4A4D72B2306536F00E7F759 /* RXActivityIndicatorViewVC.swift */; };
		C4A4D72D2306536F00E7F759 /* RXActivityIndicatorViewVC.swift in Sources */ = {isa = PBXBuildFile; fileRef = C4A4D72B2306536F00E7F759 /* RXActivityIndicatorViewVC.swift */; };
		C4A4D7322306590B00E7F759 /* RXMvvmOneVC.swift in Sources */ = {isa = PBXBuildFile; fileRef = C4A4D7302306590B00E7F759 /* RXMvvmOneVC.swift */; };
		C4A4D7332306590B00E7F759 /* RXMvvmOneVC.swift in Sources */ = {isa = PBXBuildFile; fileRef = C4A4D7302306590B00E7F759 /* RXMvvmOneVC.swift */; };
		C4A4D7342306590B00E7F759 /* RXMvvmOneVC.xib in Resources */ = {isa = PBXBuildFile; fileRef = C4A4D7312306590B00E7F759 /* RXMvvmOneVC.xib */; };
		C4A4D7352306590B00E7F759 /* RXMvvmOneVC.xib in Resources */ = {isa = PBXBuildFile; fileRef = C4A4D7312306590B00E7F759 /* RXMvvmOneVC.xib */; };
		C4A4D737230682DC00E7F759 /* Operators.swift in Sources */ = {isa = PBXBuildFile; fileRef = C4A4D736230682DC00E7F759 /* Operators.swift */; };
		C4A4D738230682DC00E7F759 /* Operators.swift in Sources */ = {isa = PBXBuildFile; fileRef = C4A4D736230682DC00E7F759 /* Operators.swift */; };
		C4A4D73A230685EF00E7F759 /* RXTapGesVC.swift in Sources */ = {isa = PBXBuildFile; fileRef = C4A4D739230685EF00E7F759 /* RXTapGesVC.swift */; };
		C4A4D73B230685EF00E7F759 /* RXTapGesVC.swift in Sources */ = {isa = PBXBuildFile; fileRef = C4A4D739230685EF00E7F759 /* RXTapGesVC.swift */; };
		C4A4D73D2306971100E7F759 /* RXDatePickerVC.swift in Sources */ = {isa = PBXBuildFile; fileRef = C4A4D73C2306971100E7F759 /* RXDatePickerVC.swift */; };
		C4A4D73E2306971100E7F759 /* RXDatePickerVC.swift in Sources */ = {isa = PBXBuildFile; fileRef = C4A4D73C2306971100E7F759 /* RXDatePickerVC.swift */; };
		C4A4D74023069D8F00E7F759 /* RXTableViewVC.swift in Sources */ = {isa = PBXBuildFile; fileRef = C4A4D73F23069D8F00E7F759 /* RXTableViewVC.swift */; };
		C4A4D74123069D8F00E7F759 /* RXTableViewVC.swift in Sources */ = {isa = PBXBuildFile; fileRef = C4A4D73F23069D8F00E7F759 /* RXTableViewVC.swift */; };
		C4A4D7432306A55F00E7F759 /* RXTableDataSourceVC.swift in Sources */ = {isa = PBXBuildFile; fileRef = C4A4D7422306A55F00E7F759 /* RXTableDataSourceVC.swift */; };
		C4A4D7442306A55F00E7F759 /* RXTableDataSourceVC.swift in Sources */ = {isa = PBXBuildFile; fileRef = C4A4D7422306A55F00E7F759 /* RXTableDataSourceVC.swift */; };
		C4A4D74C230A3FCB00E7F759 /* RxSessionVC.swift in Sources */ = {isa = PBXBuildFile; fileRef = C4A4D74B230A3FCB00E7F759 /* RxSessionVC.swift */; };
		C4A4D74D230A3FCB00E7F759 /* RxSessionVC.swift in Sources */ = {isa = PBXBuildFile; fileRef = C4A4D74B230A3FCB00E7F759 /* RxSessionVC.swift */; };
		C4A4D750230A792100E7F759 /* RxObjectMapper.swift in Sources */ = {isa = PBXBuildFile; fileRef = C4A4D74F230A792100E7F759 /* RxObjectMapper.swift */; };
		C4A4D751230A792100E7F759 /* RxObjectMapper.swift in Sources */ = {isa = PBXBuildFile; fileRef = C4A4D74F230A792100E7F759 /* RxObjectMapper.swift */; };
		C4A4D753230A799600E7F759 /* Douban.swift in Sources */ = {isa = PBXBuildFile; fileRef = C4A4D752230A799600E7F759 /* Douban.swift */; };
		C4A4D754230A799600E7F759 /* Douban.swift in Sources */ = {isa = PBXBuildFile; fileRef = C4A4D752230A799600E7F759 /* Douban.swift */; };
		C4A4D756230A988100E7F759 /* RXAlamVC.swift in Sources */ = {isa = PBXBuildFile; fileRef = C4A4D755230A988100E7F759 /* RXAlamVC.swift */; };
		C4A4D757230A988100E7F759 /* RXAlamVC.swift in Sources */ = {isa = PBXBuildFile; fileRef = C4A4D755230A988100E7F759 /* RXAlamVC.swift */; };
		C4A4D75A230B933100E7F759 /* MoyaVC.swift in Sources */ = {isa = PBXBuildFile; fileRef = C4A4D759230B933100E7F759 /* MoyaVC.swift */; };
		C4A4D75B230B933100E7F759 /* MoyaVC.swift in Sources */ = {isa = PBXBuildFile; fileRef = C4A4D759230B933100E7F759 /* MoyaVC.swift */; };
		C4A4D75E230BC7CB00E7F759 /* DouBanAPI.swift in Sources */ = {isa = PBXBuildFile; fileRef = C4A4D75D230BC7CB00E7F759 /* DouBanAPI.swift */; };
		C4A4D75F230BC7CB00E7F759 /* DouBanAPI.swift in Sources */ = {isa = PBXBuildFile; fileRef = C4A4D75D230BC7CB00E7F759 /* DouBanAPI.swift */; };
		C4A4D761230BD8F100E7F759 /* MyServiceAPI.swift in Sources */ = {isa = PBXBuildFile; fileRef = C4A4D760230BD8F100E7F759 /* MyServiceAPI.swift */; };
		C4A4D762230BD8F100E7F759 /* MyServiceAPI.swift in Sources */ = {isa = PBXBuildFile; fileRef = C4A4D760230BD8F100E7F759 /* MyServiceAPI.swift */; };
		C4A4D764230BE59900E7F759 /* moyaDownloadAPI.swift in Sources */ = {isa = PBXBuildFile; fileRef = C4A4D763230BE59900E7F759 /* moyaDownloadAPI.swift */; };
		C4A4D765230BE59900E7F759 /* moyaDownloadAPI.swift in Sources */ = {isa = PBXBuildFile; fileRef = C4A4D763230BE59900E7F759 /* moyaDownloadAPI.swift */; };
		C4A4D768230BF33600E7F759 /* TBPromiseKitVC.swift in Sources */ = {isa = PBXBuildFile; fileRef = C4A4D767230BF33600E7F759 /* TBPromiseKitVC.swift */; };
		C4A4D769230BF33600E7F759 /* TBPromiseKitVC.swift in Sources */ = {isa = PBXBuildFile; fileRef = C4A4D767230BF33600E7F759 /* TBPromiseKitVC.swift */; };
		C4A4D76B230CD31E00E7F759 /* String+Extension.swift in Sources */ = {isa = PBXBuildFile; fileRef = C4A4D76A230CD31E00E7F759 /* String+Extension.swift */; };
		C4A4D76C230CD31E00E7F759 /* String+Extension.swift in Sources */ = {isa = PBXBuildFile; fileRef = C4A4D76A230CD31E00E7F759 /* String+Extension.swift */; };
		C4A4D76E230CEDF400E7F759 /* UIButton+Extension.swift in Sources */ = {isa = PBXBuildFile; fileRef = C4A4D76D230CEDF400E7F759 /* UIButton+Extension.swift */; };
		C4A4D76F230CEDF400E7F759 /* UIButton+Extension.swift in Sources */ = {isa = PBXBuildFile; fileRef = C4A4D76D230CEDF400E7F759 /* UIButton+Extension.swift */; };
		C4A4D771230CF10700E7F759 /* UIImage+Gif.swift in Sources */ = {isa = PBXBuildFile; fileRef = C4A4D770230CF10600E7F759 /* UIImage+Gif.swift */; };
		C4A4D772230CF10700E7F759 /* UIImage+Gif.swift in Sources */ = {isa = PBXBuildFile; fileRef = C4A4D770230CF10600E7F759 /* UIImage+Gif.swift */; };
		C4A4D774230CF26600E7F759 /* ImageHelper.swift in Sources */ = {isa = PBXBuildFile; fileRef = C4A4D773230CF26600E7F759 /* ImageHelper.swift */; };
		C4A4D775230CF26600E7F759 /* ImageHelper.swift in Sources */ = {isa = PBXBuildFile; fileRef = C4A4D773230CF26600E7F759 /* ImageHelper.swift */; };
		C4A4D777230D2A1A00E7F759 /* UITextField+Extension.swift in Sources */ = {isa = PBXBuildFile; fileRef = C4A4D776230D2A1A00E7F759 /* UITextField+Extension.swift */; };
		C4A4D778230D2A1A00E7F759 /* UITextField+Extension.swift in Sources */ = {isa = PBXBuildFile; fileRef = C4A4D776230D2A1A00E7F759 /* UITextField+Extension.swift */; };
		C4A4D77A230D2E2400E7F759 /* ServiceManager.swift in Sources */ = {isa = PBXBuildFile; fileRef = C4A4D779230D2E2400E7F759 /* ServiceManager.swift */; };
		C4A4D77B230D2E2400E7F759 /* ServiceManager.swift in Sources */ = {isa = PBXBuildFile; fileRef = C4A4D779230D2E2400E7F759 /* ServiceManager.swift */; };
		C4A4D77D230D2E6400E7F759 /* LocationTool.swift in Sources */ = {isa = PBXBuildFile; fileRef = C4A4D77C230D2E6400E7F759 /* LocationTool.swift */; };
		C4A4D77E230D2E6400E7F759 /* LocationTool.swift in Sources */ = {isa = PBXBuildFile; fileRef = C4A4D77C230D2E6400E7F759 /* LocationTool.swift */; };
		C4A4D780230D2ED000E7F759 /* JHRegularHelp.swift in Sources */ = {isa = PBXBuildFile; fileRef = C4A4D77F230D2ED000E7F759 /* JHRegularHelp.swift */; };
		C4A4D781230D2ED000E7F759 /* JHRegularHelp.swift in Sources */ = {isa = PBXBuildFile; fileRef = C4A4D77F230D2ED000E7F759 /* JHRegularHelp.swift */; };
		C4A4D783230E37FF00E7F759 /*  GitHubAPI.swift in Sources */ = {isa = PBXBuildFile; fileRef = C4A4D782230E37FF00E7F759 /*  GitHubAPI.swift */; };
		C4A4D784230E37FF00E7F759 /*  GitHubAPI.swift in Sources */ = {isa = PBXBuildFile; fileRef = C4A4D782230E37FF00E7F759 /*  GitHubAPI.swift */; };
		C4A4D786230E419900E7F759 /* GitHubModel.swift in Sources */ = {isa = PBXBuildFile; fileRef = C4A4D785230E419900E7F759 /* GitHubModel.swift */; };
		C4A4D787230E419900E7F759 /* GitHubModel.swift in Sources */ = {isa = PBXBuildFile; fileRef = C4A4D785230E419900E7F759 /* GitHubModel.swift */; };
		C4A4D789230E447F00E7F759 /* ViewModel.swift in Sources */ = {isa = PBXBuildFile; fileRef = C4A4D788230E447F00E7F759 /* ViewModel.swift */; };
		C4A4D78A230E447F00E7F759 /* ViewModel.swift in Sources */ = {isa = PBXBuildFile; fileRef = C4A4D788230E447F00E7F759 /* ViewModel.swift */; };
/* End PBXBuildFile section */

/* Begin PBXFileReference section */
		019F5CD53C8728496D0DB0FE /* Pods-SwiftProjectExampleQ.debug.xcconfig */ = {isa = PBXFileReference; includeInIndex = 1; lastKnownFileType = text.xcconfig; name = "Pods-SwiftProjectExampleQ.debug.xcconfig"; path = "Target Support Files/Pods-SwiftProjectExampleQ/Pods-SwiftProjectExampleQ.debug.xcconfig"; sourceTree = "<group>"; };
		2C22A32CCA5C67D189760038 /* Pods-SwiftProjectExampleQ.debug.xcconfig */ = {isa = PBXFileReference; includeInIndex = 1; lastKnownFileType = text.xcconfig; name = "Pods-SwiftProjectExampleQ.debug.xcconfig"; path = "Pods/Target Support Files/Pods-SwiftProjectExampleQ/Pods-SwiftProjectExampleQ.debug.xcconfig"; sourceTree = "<group>"; };
		3D315641BB28C39A2FE87E12 /* Pods-SwiftProjectExample.release.xcconfig */ = {isa = PBXFileReference; includeInIndex = 1; lastKnownFileType = text.xcconfig; name = "Pods-SwiftProjectExample.release.xcconfig"; path = "Pods/Target Support Files/Pods-SwiftProjectExample/Pods-SwiftProjectExample.release.xcconfig"; sourceTree = "<group>"; };
		525A158B099D04AA89DB5AA9 /* Pods-SwiftProjectExampleQ.release.xcconfig */ = {isa = PBXFileReference; includeInIndex = 1; lastKnownFileType = text.xcconfig; name = "Pods-SwiftProjectExampleQ.release.xcconfig"; path = "Pods/Target Support Files/Pods-SwiftProjectExampleQ/Pods-SwiftProjectExampleQ.release.xcconfig"; sourceTree = "<group>"; };
		63786E64292526A7DC8716EB /* Pods-SwiftProjectExample.debug.xcconfig */ = {isa = PBXFileReference; includeInIndex = 1; lastKnownFileType = text.xcconfig; name = "Pods-SwiftProjectExample.debug.xcconfig"; path = "Target Support Files/Pods-SwiftProjectExample/Pods-SwiftProjectExample.debug.xcconfig"; sourceTree = "<group>"; };
		7CE5A756EFA7C4E05C3EA727 /* Pods-SwiftProjectExample.release.xcconfig */ = {isa = PBXFileReference; includeInIndex = 1; lastKnownFileType = text.xcconfig; name = "Pods-SwiftProjectExample.release.xcconfig"; path = "Target Support Files/Pods-SwiftProjectExample/Pods-SwiftProjectExample.release.xcconfig"; sourceTree = "<group>"; };
		A283276C33FA5E262EE31A6E /* Pods_SwiftProjectExampleQ.framework */ = {isa = PBXFileReference; explicitFileType = wrapper.framework; includeInIndex = 0; path = Pods_SwiftProjectExampleQ.framework; sourceTree = BUILT_PRODUCTS_DIR; };
		C2BCE325872C21A411ED73AB /* Pods-SwiftProjectExample.debug.xcconfig */ = {isa = PBXFileReference; includeInIndex = 1; lastKnownFileType = text.xcconfig; name = "Pods-SwiftProjectExample.debug.xcconfig"; path = "Pods/Target Support Files/Pods-SwiftProjectExample/Pods-SwiftProjectExample.debug.xcconfig"; sourceTree = "<group>"; };
		C41AED9322FD0D6C004CDD8A /* TBWebViewVC.swift */ = {isa = PBXFileReference; lastKnownFileType = sourcecode.swift; path = TBWebViewVC.swift; sourceTree = "<group>"; };
		C46EBE752335C2860027E786 /* YKSwInventoryManager.swift */ = {isa = PBXFileReference; lastKnownFileType = sourcecode.swift; path = YKSwInventoryManager.swift; sourceTree = "<group>"; };
		C46EBE792335C41A0027E786 /* YKSwInventoryCell.swift */ = {isa = PBXFileReference; lastKnownFileType = sourcecode.swift; path = YKSwInventoryCell.swift; sourceTree = "<group>"; };
		C46EBE7D2335D0550027E786 /* YKSwInvenFootView.swift */ = {isa = PBXFileReference; lastKnownFileType = sourcecode.swift; path = YKSwInvenFootView.swift; sourceTree = "<group>"; };
		C46EBE812335D1AE0027E786 /* ysf_btn_bgimage.png */ = {isa = PBXFileReference; lastKnownFileType = image.png; path = ysf_btn_bgimage.png; sourceTree = "<group>"; };
		C46EBE822335D1AE0027E786 /* ysf_btn_bgimage@3x.png */ = {isa = PBXFileReference; lastKnownFileType = image.png; path = "ysf_btn_bgimage@3x.png"; sourceTree = "<group>"; };
		C48E6E4122F80EB900AE7EEF /* SwiftProjectExample.app */ = {isa = PBXFileReference; explicitFileType = wrapper.application; includeInIndex = 0; path = SwiftProjectExample.app; sourceTree = BUILT_PRODUCTS_DIR; };
		C48E6E4422F80EB900AE7EEF /* AppDelegate.swift */ = {isa = PBXFileReference; lastKnownFileType = sourcecode.swift; path = AppDelegate.swift; sourceTree = "<group>"; };
		C48E6E4622F80EB900AE7EEF /* ViewController.swift */ = {isa = PBXFileReference; lastKnownFileType = sourcecode.swift; path = ViewController.swift; sourceTree = "<group>"; };
		C48E6E4922F80EB900AE7EEF /* Base */ = {isa = PBXFileReference; lastKnownFileType = file.storyboard; name = Base; path = Base.lproj/Main.storyboard; sourceTree = "<group>"; };
		C48E6E4B22F80EBE00AE7EEF /* Assets.xcassets */ = {isa = PBXFileReference; lastKnownFileType = folder.assetcatalog; path = Assets.xcassets; sourceTree = "<group>"; };
		C48E6E4E22F80EBE00AE7EEF /* Base */ = {isa = PBXFileReference; lastKnownFileType = file.storyboard; name = Base; path = Base.lproj/LaunchScreen.storyboard; sourceTree = "<group>"; };
		C48E6E5022F80EBE00AE7EEF /* SwiftProjectExample.plist */ = {isa = PBXFileReference; lastKnownFileType = text.plist.xml; path = SwiftProjectExample.plist; sourceTree = "<group>"; };
		C48E6E6422F80FE900AE7EEF /* zh-Hans */ = {isa = PBXFileReference; lastKnownFileType = text.plist.strings; name = "zh-Hans"; path = "zh-Hans.lproj/Main.strings"; sourceTree = "<group>"; };
		C48E6E6522F80FEA00AE7EEF /* zh-Hans */ = {isa = PBXFileReference; lastKnownFileType = text.plist.strings; name = "zh-Hans"; path = "zh-Hans.lproj/LaunchScreen.strings"; sourceTree = "<group>"; };
		C48E6E7222F80FEF00AE7EEF /* SwiftProjectExampleQ.app */ = {isa = PBXFileReference; explicitFileType = wrapper.application; includeInIndex = 0; path = SwiftProjectExampleQ.app; sourceTree = BUILT_PRODUCTS_DIR; };
		C48E6E7322F80FF000AE7EEF /* SwiftProjectExampleQ.plist */ = {isa = PBXFileReference; lastKnownFileType = text.plist.xml; name = SwiftProjectExampleQ.plist; path = /Users/bob/SwiftProjectExample/SwiftProjectExample/SwiftProjectExampleQ.plist; sourceTree = "<absolute>"; };
		C48E6E8222FA736500AE7EEF /* TBTabbarController.swift */ = {isa = PBXFileReference; lastKnownFileType = sourcecode.swift; path = TBTabbarController.swift; sourceTree = "<group>"; };
		C48E6E8A22FA758800AE7EEF /* TBBaseVC.swift */ = {isa = PBXFileReference; lastKnownFileType = sourcecode.swift; path = TBBaseVC.swift; sourceTree = "<group>"; };
		C48E6E8D22FA75B900AE7EEF /* TBBaseNavVC.swift */ = {isa = PBXFileReference; lastKnownFileType = sourcecode.swift; path = TBBaseNavVC.swift; sourceTree = "<group>"; };
		C48E6E9022FA76A200AE7EEF /* TBShowUIVC.swift */ = {isa = PBXFileReference; lastKnownFileType = sourcecode.swift; path = TBShowUIVC.swift; sourceTree = "<group>"; };
		C48E6E9322FA76EF00AE7EEF /* TBShowJsonVC.swift */ = {isa = PBXFileReference; lastKnownFileType = sourcecode.swift; path = TBShowJsonVC.swift; sourceTree = "<group>"; };
		C48E6E9622FA770700AE7EEF /* TBShowRxVC.swift */ = {isa = PBXFileReference; lastKnownFileType = sourcecode.swift; path = TBShowRxVC.swift; sourceTree = "<group>"; };
		C48E6E9922FA772600AE7EEF /* TBShowNetWorkingVC.swift */ = {isa = PBXFileReference; lastKnownFileType = sourcecode.swift; path = TBShowNetWorkingVC.swift; sourceTree = "<group>"; };
		C48E6E9C22FA774400AE7EEF /* TBShowSQLVC.swift */ = {isa = PBXFileReference; lastKnownFileType = sourcecode.swift; path = TBShowSQLVC.swift; sourceTree = "<group>"; };
		C48E6E9F22FAAAFF00AE7EEF /* TBContansts.swift */ = {isa = PBXFileReference; lastKnownFileType = sourcecode.swift; path = TBContansts.swift; sourceTree = "<group>"; };
		C48E6EA222FAAD7800AE7EEF /* UIColor+Extension.swift */ = {isa = PBXFileReference; lastKnownFileType = sourcecode.swift; path = "UIColor+Extension.swift"; sourceTree = "<group>"; };
		C48E6EA522FAC0E300AE7EEF /* UIView+Extension.swift */ = {isa = PBXFileReference; lastKnownFileType = sourcecode.swift; path = "UIView+Extension.swift"; sourceTree = "<group>"; };
		C4A03F9F230FD6C400F5D5FE /* GitHubMVVMVC.swift */ = {isa = PBXFileReference; lastKnownFileType = sourcecode.swift; path = GitHubMVVMVC.swift; sourceTree = "<group>"; };
		C4A03FA623150F7400F5D5FE /* TBLoginVC.swift */ = {isa = PBXFileReference; lastKnownFileType = sourcecode.swift; path = TBLoginVC.swift; sourceTree = "<group>"; };
		C4A382912303A1500035866C /* RXLabelVC.swift */ = {isa = PBXFileReference; lastKnownFileType = sourcecode.swift; path = RXLabelVC.swift; sourceTree = "<group>"; };
		C4A382942303ADCE0035866C /* RXTextFileVC.swift */ = {isa = PBXFileReference; lastKnownFileType = sourcecode.swift; path = RXTextFileVC.swift; sourceTree = "<group>"; };
		C4A4D7252305505000E7F759 /* RXButtonVC.swift */ = {isa = PBXFileReference; lastKnownFileType = sourcecode.swift; path = RXButtonVC.swift; sourceTree = "<group>"; };
		C4A4D72823058C7E00E7F759 /* RXSwitchVC.swift */ = {isa = PBXFileReference; lastKnownFileType = sourcecode.swift; path = RXSwitchVC.swift; sourceTree = "<group>"; };
		C4A4D72B2306536F00E7F759 /* RXActivityIndicatorViewVC.swift */ = {isa = PBXFileReference; lastKnownFileType = sourcecode.swift; path = RXActivityIndicatorViewVC.swift; sourceTree = "<group>"; };
		C4A4D7302306590B00E7F759 /* RXMvvmOneVC.swift */ = {isa = PBXFileReference; lastKnownFileType = sourcecode.swift; path = RXMvvmOneVC.swift; sourceTree = "<group>"; };
		C4A4D7312306590B00E7F759 /* RXMvvmOneVC.xib */ = {isa = PBXFileReference; lastKnownFileType = file.xib; path = RXMvvmOneVC.xib; sourceTree = "<group>"; };
		C4A4D736230682DC00E7F759 /* Operators.swift */ = {isa = PBXFileReference; fileEncoding = 4; lastKnownFileType = sourcecode.swift; path = Operators.swift; sourceTree = "<group>"; };
		C4A4D739230685EF00E7F759 /* RXTapGesVC.swift */ = {isa = PBXFileReference; lastKnownFileType = sourcecode.swift; path = RXTapGesVC.swift; sourceTree = "<group>"; };
		C4A4D73C2306971100E7F759 /* RXDatePickerVC.swift */ = {isa = PBXFileReference; lastKnownFileType = sourcecode.swift; path = RXDatePickerVC.swift; sourceTree = "<group>"; };
		C4A4D73F23069D8F00E7F759 /* RXTableViewVC.swift */ = {isa = PBXFileReference; lastKnownFileType = sourcecode.swift; path = RXTableViewVC.swift; sourceTree = "<group>"; };
		C4A4D7422306A55F00E7F759 /* RXTableDataSourceVC.swift */ = {isa = PBXFileReference; lastKnownFileType = sourcecode.swift; path = RXTableDataSourceVC.swift; sourceTree = "<group>"; };
		C4A4D74B230A3FCB00E7F759 /* RxSessionVC.swift */ = {isa = PBXFileReference; lastKnownFileType = sourcecode.swift; path = RxSessionVC.swift; sourceTree = "<group>"; };
		C4A4D74F230A792100E7F759 /* RxObjectMapper.swift */ = {isa = PBXFileReference; lastKnownFileType = sourcecode.swift; path = RxObjectMapper.swift; sourceTree = "<group>"; };
		C4A4D752230A799600E7F759 /* Douban.swift */ = {isa = PBXFileReference; lastKnownFileType = sourcecode.swift; path = Douban.swift; sourceTree = "<group>"; };
		C4A4D755230A988100E7F759 /* RXAlamVC.swift */ = {isa = PBXFileReference; lastKnownFileType = sourcecode.swift; path = RXAlamVC.swift; sourceTree = "<group>"; };
		C4A4D759230B933100E7F759 /* MoyaVC.swift */ = {isa = PBXFileReference; lastKnownFileType = sourcecode.swift; path = MoyaVC.swift; sourceTree = "<group>"; };
		C4A4D75D230BC7CB00E7F759 /* DouBanAPI.swift */ = {isa = PBXFileReference; lastKnownFileType = sourcecode.swift; path = DouBanAPI.swift; sourceTree = "<group>"; };
		C4A4D760230BD8F100E7F759 /* MyServiceAPI.swift */ = {isa = PBXFileReference; lastKnownFileType = sourcecode.swift; path = MyServiceAPI.swift; sourceTree = "<group>"; };
		C4A4D763230BE59900E7F759 /* moyaDownloadAPI.swift */ = {isa = PBXFileReference; lastKnownFileType = sourcecode.swift; path = moyaDownloadAPI.swift; sourceTree = "<group>"; };
		C4A4D767230BF33600E7F759 /* TBPromiseKitVC.swift */ = {isa = PBXFileReference; lastKnownFileType = sourcecode.swift; path = TBPromiseKitVC.swift; sourceTree = "<group>"; };
		C4A4D76A230CD31E00E7F759 /* String+Extension.swift */ = {isa = PBXFileReference; lastKnownFileType = sourcecode.swift; path = "String+Extension.swift"; sourceTree = "<group>"; };
		C4A4D76D230CEDF400E7F759 /* UIButton+Extension.swift */ = {isa = PBXFileReference; lastKnownFileType = sourcecode.swift; path = "UIButton+Extension.swift"; sourceTree = "<group>"; };
		C4A4D770230CF10600E7F759 /* UIImage+Gif.swift */ = {isa = PBXFileReference; fileEncoding = 4; lastKnownFileType = sourcecode.swift; path = "UIImage+Gif.swift"; sourceTree = "<group>"; };
		C4A4D773230CF26600E7F759 /* ImageHelper.swift */ = {isa = PBXFileReference; fileEncoding = 4; lastKnownFileType = sourcecode.swift; path = ImageHelper.swift; sourceTree = "<group>"; };
		C4A4D776230D2A1A00E7F759 /* UITextField+Extension.swift */ = {isa = PBXFileReference; lastKnownFileType = sourcecode.swift; path = "UITextField+Extension.swift"; sourceTree = "<group>"; };
		C4A4D779230D2E2400E7F759 /* ServiceManager.swift */ = {isa = PBXFileReference; fileEncoding = 4; lastKnownFileType = sourcecode.swift; path = ServiceManager.swift; sourceTree = "<group>"; };
		C4A4D77C230D2E6400E7F759 /* LocationTool.swift */ = {isa = PBXFileReference; fileEncoding = 4; lastKnownFileType = sourcecode.swift; path = LocationTool.swift; sourceTree = "<group>"; };
		C4A4D77F230D2ED000E7F759 /* JHRegularHelp.swift */ = {isa = PBXFileReference; fileEncoding = 4; lastKnownFileType = sourcecode.swift; path = JHRegularHelp.swift; sourceTree = "<group>"; };
		C4A4D782230E37FF00E7F759 /*  GitHubAPI.swift */ = {isa = PBXFileReference; lastKnownFileType = sourcecode.swift; path = " GitHubAPI.swift"; sourceTree = "<group>"; };
		C4A4D785230E419900E7F759 /* GitHubModel.swift */ = {isa = PBXFileReference; lastKnownFileType = sourcecode.swift; path = GitHubModel.swift; sourceTree = "<group>"; };
		C4A4D788230E447F00E7F759 /* ViewModel.swift */ = {isa = PBXFileReference; lastKnownFileType = sourcecode.swift; path = ViewModel.swift; sourceTree = "<group>"; };
		C761E024DB903D69B23E0930 /* Pods_SwiftProjectExample.framework */ = {isa = PBXFileReference; explicitFileType = wrapper.framework; includeInIndex = 0; path = Pods_SwiftProjectExample.framework; sourceTree = BUILT_PRODUCTS_DIR; };
		EACC2AC784151AAF9006CF6C /* Pods-SwiftProjectExampleQ.release.xcconfig */ = {isa = PBXFileReference; includeInIndex = 1; lastKnownFileType = text.xcconfig; name = "Pods-SwiftProjectExampleQ.release.xcconfig"; path = "Target Support Files/Pods-SwiftProjectExampleQ/Pods-SwiftProjectExampleQ.release.xcconfig"; sourceTree = "<group>"; };
/* End PBXFileReference section */

/* Begin PBXFrameworksBuildPhase section */
		C48E6E3E22F80EB900AE7EEF /* Frameworks */ = {
			isa = PBXFrameworksBuildPhase;
			buildActionMask = 2147483647;
			files = (
				97CFE9DDE7730863B263AF8E /* Pods_SwiftProjectExample.framework in Frameworks */,
			);
			runOnlyForDeploymentPostprocessing = 0;
		};
		C48E6E6A22F80FEF00AE7EEF /* Frameworks */ = {
			isa = PBXFrameworksBuildPhase;
			buildActionMask = 2147483647;
			files = (
				92E03793A648CE97F027357E /* Pods_SwiftProjectExampleQ.framework in Frameworks */,
			);
			runOnlyForDeploymentPostprocessing = 0;
		};
/* End PBXFrameworksBuildPhase section */

/* Begin PBXGroup section */
		17B7694460C6D2E952556BBD /* Pods */ = {
			isa = PBXGroup;
			children = (
				63786E64292526A7DC8716EB /* Pods-SwiftProjectExample.debug.xcconfig */,
				7CE5A756EFA7C4E05C3EA727 /* Pods-SwiftProjectExample.release.xcconfig */,
				019F5CD53C8728496D0DB0FE /* Pods-SwiftProjectExampleQ.debug.xcconfig */,
				EACC2AC784151AAF9006CF6C /* Pods-SwiftProjectExampleQ.release.xcconfig */,
				C2BCE325872C21A411ED73AB /* Pods-SwiftProjectExample.debug.xcconfig */,
				3D315641BB28C39A2FE87E12 /* Pods-SwiftProjectExample.release.xcconfig */,
				2C22A32CCA5C67D189760038 /* Pods-SwiftProjectExampleQ.debug.xcconfig */,
				525A158B099D04AA89DB5AA9 /* Pods-SwiftProjectExampleQ.release.xcconfig */,
			);
			path = Pods;
			sourceTree = "<group>";
		};
		4AA64819E11DA6D0CB32676C /* Frameworks */ = {
			isa = PBXGroup;
			children = (
				C761E024DB903D69B23E0930 /* Pods_SwiftProjectExample.framework */,
				A283276C33FA5E262EE31A6E /* Pods_SwiftProjectExampleQ.framework */,
			);
			name = Frameworks;
			sourceTree = "<group>";
		};
		C41AED9222FD0D1B004CDD8A /* View */ = {
			isa = PBXGroup;
			children = (
			);
			path = View;
			sourceTree = "<group>";
		};
		C46EBE782335C3EF0027E786 /* Cell */ = {
			isa = PBXGroup;
			children = (
				C46EBE792335C41A0027E786 /* YKSwInventoryCell.swift */,
			);
			path = Cell;
			sourceTree = "<group>";
		};
		C46EBE7C2335D0230027E786 /* View */ = {
			isa = PBXGroup;
			children = (
				C46EBE7D2335D0550027E786 /* YKSwInvenFootView.swift */,
			);
			path = View;
			sourceTree = "<group>";
		};
		C46EBE802335D1780027E786 /* image */ = {
			isa = PBXGroup;
			children = (
				C46EBE812335D1AE0027E786 /* ysf_btn_bgimage.png */,
				C46EBE822335D1AE0027E786 /* ysf_btn_bgimage@3x.png */,
			);
			path = image;
			sourceTree = "<group>";
		};
		C48E6E3822F80EB900AE7EEF = {
			isa = PBXGroup;
			children = (
				C48E6E4322F80EB900AE7EEF /* SwiftProjectExample */,
				C48E6E4222F80EB900AE7EEF /* Products */,
				17B7694460C6D2E952556BBD /* Pods */,
				4AA64819E11DA6D0CB32676C /* Frameworks */,
			);
			sourceTree = "<group>";
		};
		C48E6E4222F80EB900AE7EEF /* Products */ = {
			isa = PBXGroup;
			children = (
				C48E6E4122F80EB900AE7EEF /* SwiftProjectExample.app */,
				C48E6E7222F80FEF00AE7EEF /* SwiftProjectExampleQ.app */,
			);
			name = Products;
			sourceTree = "<group>";
		};
		C48E6E4322F80EB900AE7EEF /* SwiftProjectExample */ = {
			isa = PBXGroup;
			children = (
				C48E6E7D22FA725900AE7EEF /* Class */,
				C48E6E7E22FA726700AE7EEF /* Expand */,
				C48E6E4422F80EB900AE7EEF /* AppDelegate.swift */,
				C48E6E4622F80EB900AE7EEF /* ViewController.swift */,
				C48E6E9F22FAAAFF00AE7EEF /* TBContansts.swift */,
				C48E6E4822F80EB900AE7EEF /* Main.storyboard */,
				C48E6E4B22F80EBE00AE7EEF /* Assets.xcassets */,
				C48E6E4D22F80EBE00AE7EEF /* LaunchScreen.storyboard */,
				C48E6E5022F80EBE00AE7EEF /* SwiftProjectExample.plist */,
				C48E6E7322F80FF000AE7EEF /* SwiftProjectExampleQ.plist */,
			);
			path = SwiftProjectExample;
			sourceTree = "<group>";
		};
		C48E6E7D22FA725900AE7EEF /* Class */ = {
			isa = PBXGroup;
			children = (
				C4A03FA323150EDB00F5D5FE /* Test */,
				C4A03FA223150EB900F5D5FE /* Example */,
			);
			path = Class;
			sourceTree = "<group>";
		};
		C48E6E7E22FA726700AE7EEF /* Expand */ = {
			isa = PBXGroup;
			children = (
				C48E6E8122FA730700AE7EEF /* Manager */,
				C48E6E8022FA72D300AE7EEF /* Tools */,
				C48E6E7F22FA728C00AE7EEF /* Base */,
			);
			path = Expand;
			sourceTree = "<group>";
		};
		C48E6E7F22FA728C00AE7EEF /* Base */ = {
			isa = PBXGroup;
			children = (
				C48E6E8222FA736500AE7EEF /* TBTabbarController.swift */,
				C48E6E8A22FA758800AE7EEF /* TBBaseVC.swift */,
				C48E6E8D22FA75B900AE7EEF /* TBBaseNavVC.swift */,
				C41AED9322FD0D6C004CDD8A /* TBWebViewVC.swift */,
			);
			path = Base;
			sourceTree = "<group>";
		};
		C48E6E8022FA72D300AE7EEF /* Tools */ = {
			isa = PBXGroup;
			children = (
				C4A4D773230CF26600E7F759 /* ImageHelper.swift */,
				C4A4D770230CF10600E7F759 /* UIImage+Gif.swift */,
				C48E6EA222FAAD7800AE7EEF /* UIColor+Extension.swift */,
				C48E6EA522FAC0E300AE7EEF /* UIView+Extension.swift */,
				C4A4D76A230CD31E00E7F759 /* String+Extension.swift */,
				C4A4D76D230CEDF400E7F759 /* UIButton+Extension.swift */,
				C4A4D776230D2A1A00E7F759 /* UITextField+Extension.swift */,
			);
			path = Tools;
			sourceTree = "<group>";
		};
		C48E6E8122FA730700AE7EEF /* Manager */ = {
			isa = PBXGroup;
			children = (
				C4A4D77F230D2ED000E7F759 /* JHRegularHelp.swift */,
				C4A4D779230D2E2400E7F759 /* ServiceManager.swift */,
				C4A4D77C230D2E6400E7F759 /* LocationTool.swift */,
			);
			path = Manager;
			sourceTree = "<group>";
		};
		C48E6E8522FA73A000AE7EEF /* UIVC */ = {
			isa = PBXGroup;
			children = (
				C46EBE802335D1780027E786 /* image */,
				C46EBE7C2335D0230027E786 /* View */,
				C46EBE782335C3EF0027E786 /* Cell */,
				C48E6E9022FA76A200AE7EEF /* TBShowUIVC.swift */,
				C46EBE752335C2860027E786 /* YKSwInventoryManager.swift */,
			);
			path = UIVC;
			sourceTree = "<group>";
		};
		C48E6E8622FA73AC00AE7EEF /* JSONVC */ = {
			isa = PBXGroup;
			children = (
				C48E6E9322FA76EF00AE7EEF /* TBShowJsonVC.swift */,
			);
			path = JSONVC;
			sourceTree = "<group>";
		};
		C48E6E8722FA73B600AE7EEF /* RXVC */ = {
			isa = PBXGroup;
			children = (
				C4A4D74E230A785500E7F759 /* Model */,
				C4A4D72F230658B500E7F759 /* MVVM */,
				C4A4D72E2306589A00E7F759 /* UIVC */,
				C41AED9222FD0D1B004CDD8A /* View */,
			);
			path = RXVC;
			sourceTree = "<group>";
		};
		C48E6E8822FA73CA00AE7EEF /* NETVC */ = {
			isa = PBXGroup;
			children = (
				C4A4D758230B8B0500E7F759 /* moya */,
				C48E6E9922FA772600AE7EEF /* TBShowNetWorkingVC.swift */,
			);
			path = NETVC;
			sourceTree = "<group>";
		};
		C48E6E8922FA73D400AE7EEF /* SQLVC */ = {
			isa = PBXGroup;
			children = (
				C48E6E9C22FA774400AE7EEF /* TBShowSQLVC.swift */,
			);
			path = SQLVC;
			sourceTree = "<group>";
		};
		C4A03FA223150EB900F5D5FE /* Example */ = {
			isa = PBXGroup;
			children = (
				C4A03FA523150F1B00F5D5FE /* MainVC */,
				C4A03FA423150F0B00F5D5FE /* LoginVC */,
			);
			path = Example;
			sourceTree = "<group>";
		};
		C4A03FA323150EDB00F5D5FE /* Test */ = {
			isa = PBXGroup;
			children = (
				C4A4D766230BF25500E7F759 /* Thirds */,
				C48E6E8922FA73D400AE7EEF /* SQLVC */,
				C48E6E8822FA73CA00AE7EEF /* NETVC */,
				C48E6E8722FA73B600AE7EEF /* RXVC */,
				C48E6E8622FA73AC00AE7EEF /* JSONVC */,
				C48E6E8522FA73A000AE7EEF /* UIVC */,
			);
			path = Test;
			sourceTree = "<group>";
		};
		C4A03FA423150F0B00F5D5FE /* LoginVC */ = {
			isa = PBXGroup;
			children = (
				C4A03FA623150F7400F5D5FE /* TBLoginVC.swift */,
			);
			path = LoginVC;
			sourceTree = "<group>";
		};
		C4A03FA523150F1B00F5D5FE /* MainVC */ = {
			isa = PBXGroup;
			children = (
			);
			path = MainVC;
			sourceTree = "<group>";
		};
		C4A4D72E2306589A00E7F759 /* UIVC */ = {
			isa = PBXGroup;
			children = (
				C48E6E9622FA770700AE7EEF /* TBShowRxVC.swift */,
				C4A382912303A1500035866C /* RXLabelVC.swift */,
				C4A382942303ADCE0035866C /* RXTextFileVC.swift */,
				C4A4D7252305505000E7F759 /* RXButtonVC.swift */,
				C4A4D72823058C7E00E7F759 /* RXSwitchVC.swift */,
				C4A4D72B2306536F00E7F759 /* RXActivityIndicatorViewVC.swift */,
				C4A4D739230685EF00E7F759 /* RXTapGesVC.swift */,
				C4A4D73C2306971100E7F759 /* RXDatePickerVC.swift */,
				C4A4D73F23069D8F00E7F759 /* RXTableViewVC.swift */,
				C4A4D7422306A55F00E7F759 /* RXTableDataSourceVC.swift */,
				C4A4D74B230A3FCB00E7F759 /* RxSessionVC.swift */,
				C4A4D755230A988100E7F759 /* RXAlamVC.swift */,
				C4A03F9F230FD6C400F5D5FE /* GitHubMVVMVC.swift */,
			);
			path = UIVC;
			sourceTree = "<group>";
		};
		C4A4D72F230658B500E7F759 /* MVVM */ = {
			isa = PBXGroup;
			children = (
				C4A4D736230682DC00E7F759 /* Operators.swift */,
				C4A4D7302306590B00E7F759 /* RXMvvmOneVC.swift */,
				C4A4D7312306590B00E7F759 /* RXMvvmOneVC.xib */,
				C4A4D782230E37FF00E7F759 /*  GitHubAPI.swift */,
				C4A4D788230E447F00E7F759 /* ViewModel.swift */,
			);
			path = MVVM;
			sourceTree = "<group>";
		};
		C4A4D74E230A785500E7F759 /* Model */ = {
			isa = PBXGroup;
			children = (
				C4A4D74F230A792100E7F759 /* RxObjectMapper.swift */,
				C4A4D752230A799600E7F759 /* Douban.swift */,
				C4A4D785230E419900E7F759 /* GitHubModel.swift */,
			);
			path = Model;
			sourceTree = "<group>";
		};
		C4A4D758230B8B0500E7F759 /* moya */ = {
			isa = PBXGroup;
			children = (
				C4A4D75C230BC79700E7F759 /* model */,
				C4A4D759230B933100E7F759 /* MoyaVC.swift */,
			);
			path = moya;
			sourceTree = "<group>";
		};
		C4A4D75C230BC79700E7F759 /* model */ = {
			isa = PBXGroup;
			children = (
				C4A4D75D230BC7CB00E7F759 /* DouBanAPI.swift */,
				C4A4D760230BD8F100E7F759 /* MyServiceAPI.swift */,
				C4A4D763230BE59900E7F759 /* moyaDownloadAPI.swift */,
			);
			path = model;
			sourceTree = "<group>";
		};
		C4A4D766230BF25500E7F759 /* Thirds */ = {
			isa = PBXGroup;
			children = (
				C4A4D767230BF33600E7F759 /* TBPromiseKitVC.swift */,
			);
			path = Thirds;
			sourceTree = "<group>";
		};
/* End PBXGroup section */

/* Begin PBXNativeTarget section */
		C48E6E4022F80EB900AE7EEF /* SwiftProjectExample */ = {
			isa = PBXNativeTarget;
			buildConfigurationList = C48E6E5322F80EBE00AE7EEF /* Build configuration list for PBXNativeTarget "SwiftProjectExample" */;
			buildPhases = (
				7E811B18AE579EB2A9C1CE59 /* [CP] Check Pods Manifest.lock */,
				C48E6E3D22F80EB900AE7EEF /* Sources */,
				C48E6E3E22F80EB900AE7EEF /* Frameworks */,
				C48E6E3F22F80EB900AE7EEF /* Resources */,
				D6322E1603390D78EDC8798D /* [CP] Embed Pods Frameworks */,
			);
			buildRules = (
			);
			dependencies = (
			);
			name = SwiftProjectExample;
			productName = SwiftProjectExample;
			productReference = C48E6E4122F80EB900AE7EEF /* SwiftProjectExample.app */;
			productType = "com.apple.product-type.application";
		};
		C48E6E6622F80FEF00AE7EEF /* SwiftProjectExampleQ */ = {
			isa = PBXNativeTarget;
			buildConfigurationList = C48E6E6F22F80FEF00AE7EEF /* Build configuration list for PBXNativeTarget "SwiftProjectExampleQ" */;
			buildPhases = (
				47FE9C9D22EC3B1BDE6A7F6D /* [CP] Check Pods Manifest.lock */,
				C48E6E6722F80FEF00AE7EEF /* Sources */,
				C48E6E6A22F80FEF00AE7EEF /* Frameworks */,
				C48E6E6B22F80FEF00AE7EEF /* Resources */,
				84E15FEAC5407F81E4279EEA /* [CP] Embed Pods Frameworks */,
			);
			buildRules = (
			);
			dependencies = (
			);
			name = SwiftProjectExampleQ;
			productName = SwiftProjectExample;
			productReference = C48E6E7222F80FEF00AE7EEF /* SwiftProjectExampleQ.app */;
			productType = "com.apple.product-type.application";
		};
/* End PBXNativeTarget section */

/* Begin PBXProject section */
		C48E6E3922F80EB900AE7EEF /* Project object */ = {
			isa = PBXProject;
			attributes = {
				LastSwiftUpdateCheck = 1010;
				LastUpgradeCheck = 1010;
				ORGANIZATIONNAME = bob;
				TargetAttributes = {
					C48E6E4022F80EB900AE7EEF = {
						CreatedOnToolsVersion = 10.1;
					};
				};
			};
			buildConfigurationList = C48E6E3C22F80EB900AE7EEF /* Build configuration list for PBXProject "SwiftProjectExample" */;
			compatibilityVersion = "Xcode 9.3";
			developmentRegion = en;
			hasScannedForEncodings = 0;
			knownRegions = (
				en,
				Base,
				"zh-Hans",
			);
			mainGroup = C48E6E3822F80EB900AE7EEF;
			productRefGroup = C48E6E4222F80EB900AE7EEF /* Products */;
			projectDirPath = "";
			projectRoot = "";
			targets = (
				C48E6E4022F80EB900AE7EEF /* SwiftProjectExample */,
				C48E6E6622F80FEF00AE7EEF /* SwiftProjectExampleQ */,
			);
		};
/* End PBXProject section */

/* Begin PBXResourcesBuildPhase section */
		C48E6E3F22F80EB900AE7EEF /* Resources */ = {
			isa = PBXResourcesBuildPhase;
			buildActionMask = 2147483647;
			files = (
				C48E6E4F22F80EBE00AE7EEF /* LaunchScreen.storyboard in Resources */,
				C48E6E4C22F80EBE00AE7EEF /* Assets.xcassets in Resources */,
				C46EBE832335D1AE0027E786 /* ysf_btn_bgimage.png in Resources */,
				C48E6E4A22F80EB900AE7EEF /* Main.storyboard in Resources */,
				C46EBE852335D1AE0027E786 /* ysf_btn_bgimage@3x.png in Resources */,
				C4A4D7342306590B00E7F759 /* RXMvvmOneVC.xib in Resources */,
			);
			runOnlyForDeploymentPostprocessing = 0;
		};
		C48E6E6B22F80FEF00AE7EEF /* Resources */ = {
			isa = PBXResourcesBuildPhase;
			buildActionMask = 2147483647;
			files = (
				C48E6E6C22F80FEF00AE7EEF /* LaunchScreen.storyboard in Resources */,
				C48E6E6D22F80FEF00AE7EEF /* Assets.xcassets in Resources */,
				C46EBE842335D1AE0027E786 /* ysf_btn_bgimage.png in Resources */,
				C48E6E6E22F80FEF00AE7EEF /* Main.storyboard in Resources */,
				C46EBE862335D1AE0027E786 /* ysf_btn_bgimage@3x.png in Resources */,
				C4A4D7352306590B00E7F759 /* RXMvvmOneVC.xib in Resources */,
			);
			runOnlyForDeploymentPostprocessing = 0;
		};
/* End PBXResourcesBuildPhase section */

/* Begin PBXShellScriptBuildPhase section */
		47FE9C9D22EC3B1BDE6A7F6D /* [CP] Check Pods Manifest.lock */ = {
			isa = PBXShellScriptBuildPhase;
			buildActionMask = 2147483647;
			files = (
			);
			inputFileListPaths = (
			);
			inputPaths = (
				"${PODS_PODFILE_DIR_PATH}/Podfile.lock",
				"${PODS_ROOT}/Manifest.lock",
			);
			name = "[CP] Check Pods Manifest.lock";
			outputFileListPaths = (
			);
			outputPaths = (
				"$(DERIVED_FILE_DIR)/Pods-SwiftProjectExampleQ-checkManifestLockResult.txt",
			);
			runOnlyForDeploymentPostprocessing = 0;
			shellPath = /bin/sh;
			shellScript = "diff \"${PODS_PODFILE_DIR_PATH}/Podfile.lock\" \"${PODS_ROOT}/Manifest.lock\" > /dev/null\nif [ $? != 0 ] ; then\n    # print error to STDERR\n    echo \"error: The sandbox is not in sync with the Podfile.lock. Run 'pod install' or update your CocoaPods installation.\" >&2\n    exit 1\nfi\n# This output is used by Xcode 'outputs' to avoid re-running this script phase.\necho \"SUCCESS\" > \"${SCRIPT_OUTPUT_FILE_0}\"\n";
			showEnvVarsInLog = 0;
		};
		7E811B18AE579EB2A9C1CE59 /* [CP] Check Pods Manifest.lock */ = {
			isa = PBXShellScriptBuildPhase;
			buildActionMask = 2147483647;
			files = (
			);
			inputFileListPaths = (
			);
			inputPaths = (
				"${PODS_PODFILE_DIR_PATH}/Podfile.lock",
				"${PODS_ROOT}/Manifest.lock",
			);
			name = "[CP] Check Pods Manifest.lock";
			outputFileListPaths = (
			);
			outputPaths = (
				"$(DERIVED_FILE_DIR)/Pods-SwiftProjectExample-checkManifestLockResult.txt",
			);
			runOnlyForDeploymentPostprocessing = 0;
			shellPath = /bin/sh;
			shellScript = "diff \"${PODS_PODFILE_DIR_PATH}/Podfile.lock\" \"${PODS_ROOT}/Manifest.lock\" > /dev/null\nif [ $? != 0 ] ; then\n    # print error to STDERR\n    echo \"error: The sandbox is not in sync with the Podfile.lock. Run 'pod install' or update your CocoaPods installation.\" >&2\n    exit 1\nfi\n# This output is used by Xcode 'outputs' to avoid re-running this script phase.\necho \"SUCCESS\" > \"${SCRIPT_OUTPUT_FILE_0}\"\n";
			showEnvVarsInLog = 0;
		};
		84E15FEAC5407F81E4279EEA /* [CP] Embed Pods Frameworks */ = {
			isa = PBXShellScriptBuildPhase;
			buildActionMask = 2147483647;
			files = (
			);
			inputFileListPaths = (
				"${PODS_ROOT}/Target Support Files/Pods-SwiftProjectExampleQ/Pods-SwiftProjectExampleQ-frameworks-${CONFIGURATION}-input-files.xcfilelist",
			);
			name = "[CP] Embed Pods Frameworks";
			outputFileListPaths = (
				"${PODS_ROOT}/Target Support Files/Pods-SwiftProjectExampleQ/Pods-SwiftProjectExampleQ-frameworks-${CONFIGURATION}-output-files.xcfilelist",
			);
			runOnlyForDeploymentPostprocessing = 0;
			shellPath = /bin/sh;
			shellScript = "\"${PODS_ROOT}/Target Support Files/Pods-SwiftProjectExampleQ/Pods-SwiftProjectExampleQ-frameworks.sh\"\n";
			showEnvVarsInLog = 0;
		};
		D6322E1603390D78EDC8798D /* [CP] Embed Pods Frameworks */ = {
			isa = PBXShellScriptBuildPhase;
			buildActionMask = 2147483647;
			files = (
			);
			inputFileListPaths = (
				"${PODS_ROOT}/Target Support Files/Pods-SwiftProjectExample/Pods-SwiftProjectExample-frameworks-${CONFIGURATION}-input-files.xcfilelist",
			);
			name = "[CP] Embed Pods Frameworks";
			outputFileListPaths = (
				"${PODS_ROOT}/Target Support Files/Pods-SwiftProjectExample/Pods-SwiftProjectExample-frameworks-${CONFIGURATION}-output-files.xcfilelist",
			);
			runOnlyForDeploymentPostprocessing = 0;
			shellPath = /bin/sh;
			shellScript = "\"${PODS_ROOT}/Target Support Files/Pods-SwiftProjectExample/Pods-SwiftProjectExample-frameworks.sh\"\n";
			showEnvVarsInLog = 0;
		};
/* End PBXShellScriptBuildPhase section */

/* Begin PBXSourcesBuildPhase section */
		C48E6E3D22F80EB900AE7EEF /* Sources */ = {
			isa = PBXSourcesBuildPhase;
			buildActionMask = 2147483647;
			files = (
				C4A382922303A1500035866C /* RXLabelVC.swift in Sources */,
				C4A4D73D2306971100E7F759 /* RXDatePickerVC.swift in Sources */,
				C4A4D75A230B933100E7F759 /* MoyaVC.swift in Sources */,
				C46EBE762335C2860027E786 /* YKSwInventoryManager.swift in Sources */,
				C41AED9422FD0D6C004CDD8A /* TBWebViewVC.swift in Sources */,
				C4A4D771230CF10700E7F759 /* UIImage+Gif.swift in Sources */,
				C4A4D74C230A3FCB00E7F759 /* RxSessionVC.swift in Sources */,
				C4A4D76E230CEDF400E7F759 /* UIButton+Extension.swift in Sources */,
				C4A4D774230CF26600E7F759 /* ImageHelper.swift in Sources */,
				C4A4D768230BF33600E7F759 /* TBPromiseKitVC.swift in Sources */,
				C4A4D7432306A55F00E7F759 /* RXTableDataSourceVC.swift in Sources */,
				C4A4D789230E447F00E7F759 /* ViewModel.swift in Sources */,
				C4A4D737230682DC00E7F759 /* Operators.swift in Sources */,
				C4A4D76B230CD31E00E7F759 /* String+Extension.swift in Sources */,
				C48E6E8322FA736500AE7EEF /* TBTabbarController.swift in Sources */,
				C48E6EA622FAC0E300AE7EEF /* UIView+Extension.swift in Sources */,
				C4A4D750230A792100E7F759 /* RxObjectMapper.swift in Sources */,
				C48E6EA022FAAAFF00AE7EEF /* TBContansts.swift in Sources */,
				C4A4D756230A988100E7F759 /* RXAlamVC.swift in Sources */,
				C4A382952303ADCE0035866C /* RXTextFileVC.swift in Sources */,
				C4A4D72C2306536F00E7F759 /* RXActivityIndicatorViewVC.swift in Sources */,
				C4A4D77A230D2E2400E7F759 /* ServiceManager.swift in Sources */,
				C4A03FA723150F7400F5D5FE /* TBLoginVC.swift in Sources */,
				C48E6E9422FA76EF00AE7EEF /* TBShowJsonVC.swift in Sources */,
				C46EBE7A2335C41A0027E786 /* YKSwInventoryCell.swift in Sources */,
				C4A4D7262305505000E7F759 /* RXButtonVC.swift in Sources */,
				C48E6EA322FAAD7800AE7EEF /* UIColor+Extension.swift in Sources */,
				C4A4D74023069D8F00E7F759 /* RXTableViewVC.swift in Sources */,
				C48E6E9122FA76A200AE7EEF /* TBShowUIVC.swift in Sources */,
				C4A4D77D230D2E6400E7F759 /* LocationTool.swift in Sources */,
				C4A4D783230E37FF00E7F759 /*  GitHubAPI.swift in Sources */,
				C48E6E4722F80EB900AE7EEF /* ViewController.swift in Sources */,
				C4A4D786230E419900E7F759 /* GitHubModel.swift in Sources */,
				C4A4D780230D2ED000E7F759 /* JHRegularHelp.swift in Sources */,
				C48E6E9D22FA774400AE7EEF /* TBShowSQLVC.swift in Sources */,
				C48E6E9A22FA772600AE7EEF /* TBShowNetWorkingVC.swift in Sources */,
				C4A03FA0230FD6C400F5D5FE /* GitHubMVVMVC.swift in Sources */,
				C4A4D753230A799600E7F759 /* Douban.swift in Sources */,
				C48E6E4522F80EB900AE7EEF /* AppDelegate.swift in Sources */,
				C4A4D73A230685EF00E7F759 /* RXTapGesVC.swift in Sources */,
				C48E6E9722FA770700AE7EEF /* TBShowRxVC.swift in Sources */,
				C48E6E8E22FA75B900AE7EEF /* TBBaseNavVC.swift in Sources */,
				C4A4D72923058C7E00E7F759 /* RXSwitchVC.swift in Sources */,
				C4A4D764230BE59900E7F759 /* moyaDownloadAPI.swift in Sources */,
				C46EBE7E2335D0550027E786 /* YKSwInvenFootView.swift in Sources */,
				C4A4D75E230BC7CB00E7F759 /* DouBanAPI.swift in Sources */,
				C48E6E8B22FA758800AE7EEF /* TBBaseVC.swift in Sources */,
				C4A4D777230D2A1A00E7F759 /* UITextField+Extension.swift in Sources */,
				C4A4D761230BD8F100E7F759 /* MyServiceAPI.swift in Sources */,
				C4A4D7322306590B00E7F759 /* RXMvvmOneVC.swift in Sources */,
			);
			runOnlyForDeploymentPostprocessing = 0;
		};
		C48E6E6722F80FEF00AE7EEF /* Sources */ = {
			isa = PBXSourcesBuildPhase;
			buildActionMask = 2147483647;
			files = (
				C4A382932303A1500035866C /* RXLabelVC.swift in Sources */,
				C4A4D73E2306971100E7F759 /* RXDatePickerVC.swift in Sources */,
				C4A4D75B230B933100E7F759 /* MoyaVC.swift in Sources */,
				C46EBE772335C2860027E786 /* YKSwInventoryManager.swift in Sources */,
				C41AED9522FD0D6C004CDD8A /* TBWebViewVC.swift in Sources */,
				C4A4D772230CF10700E7F759 /* UIImage+Gif.swift in Sources */,
				C4A4D74D230A3FCB00E7F759 /* RxSessionVC.swift in Sources */,
				C4A4D76F230CEDF400E7F759 /* UIButton+Extension.swift in Sources */,
				C4A4D775230CF26600E7F759 /* ImageHelper.swift in Sources */,
				C4A4D769230BF33600E7F759 /* TBPromiseKitVC.swift in Sources */,
				C4A4D7442306A55F00E7F759 /* RXTableDataSourceVC.swift in Sources */,
				C4A4D78A230E447F00E7F759 /* ViewModel.swift in Sources */,
				C4A4D738230682DC00E7F759 /* Operators.swift in Sources */,
				C4A4D76C230CD31E00E7F759 /* String+Extension.swift in Sources */,
				C48E6E8422FA736500AE7EEF /* TBTabbarController.swift in Sources */,
				C48E6EA722FAC0E300AE7EEF /* UIView+Extension.swift in Sources */,
				C4A4D751230A792100E7F759 /* RxObjectMapper.swift in Sources */,
				C48E6EA122FAAAFF00AE7EEF /* TBContansts.swift in Sources */,
				C4A4D757230A988100E7F759 /* RXAlamVC.swift in Sources */,
				C4A382962303ADCE0035866C /* RXTextFileVC.swift in Sources */,
				C4A4D72D2306536F00E7F759 /* RXActivityIndicatorViewVC.swift in Sources */,
				C4A4D77B230D2E2400E7F759 /* ServiceManager.swift in Sources */,
				C4A03FA823150F7400F5D5FE /* TBLoginVC.swift in Sources */,
				C48E6E9522FA76EF00AE7EEF /* TBShowJsonVC.swift in Sources */,
				C46EBE7B2335C41A0027E786 /* YKSwInventoryCell.swift in Sources */,
				C4A4D7272305505000E7F759 /* RXButtonVC.swift in Sources */,
				C48E6EA422FAAD7800AE7EEF /* UIColor+Extension.swift in Sources */,
				C4A4D74123069D8F00E7F759 /* RXTableViewVC.swift in Sources */,
				C48E6E9222FA76A200AE7EEF /* TBShowUIVC.swift in Sources */,
				C4A4D77E230D2E6400E7F759 /* LocationTool.swift in Sources */,
				C4A4D784230E37FF00E7F759 /*  GitHubAPI.swift in Sources */,
				C48E6E6822F80FEF00AE7EEF /* ViewController.swift in Sources */,
				C4A4D787230E419900E7F759 /* GitHubModel.swift in Sources */,
				C4A4D781230D2ED000E7F759 /* JHRegularHelp.swift in Sources */,
				C48E6E9E22FA774400AE7EEF /* TBShowSQLVC.swift in Sources */,
				C48E6E9B22FA772600AE7EEF /* TBShowNetWorkingVC.swift in Sources */,
				C4A03FA1230FD6C400F5D5FE /* GitHubMVVMVC.swift in Sources */,
				C4A4D754230A799600E7F759 /* Douban.swift in Sources */,
				C48E6E6922F80FEF00AE7EEF /* AppDelegate.swift in Sources */,
				C4A4D73B230685EF00E7F759 /* RXTapGesVC.swift in Sources */,
				C48E6E9822FA770700AE7EEF /* TBShowRxVC.swift in Sources */,
				C48E6E8F22FA75B900AE7EEF /* TBBaseNavVC.swift in Sources */,
				C4A4D72A23058C7E00E7F759 /* RXSwitchVC.swift in Sources */,
				C4A4D765230BE59900E7F759 /* moyaDownloadAPI.swift in Sources */,
				C46EBE7F2335D0550027E786 /* YKSwInvenFootView.swift in Sources */,
				C4A4D75F230BC7CB00E7F759 /* DouBanAPI.swift in Sources */,
				C48E6E8C22FA758800AE7EEF /* TBBaseVC.swift in Sources */,
				C4A4D778230D2A1A00E7F759 /* UITextField+Extension.swift in Sources */,
				C4A4D762230BD8F100E7F759 /* MyServiceAPI.swift in Sources */,
				C4A4D7332306590B00E7F759 /* RXMvvmOneVC.swift in Sources */,
			);
			runOnlyForDeploymentPostprocessing = 0;
		};
/* End PBXSourcesBuildPhase section */

/* Begin PBXVariantGroup section */
		C48E6E4822F80EB900AE7EEF /* Main.storyboard */ = {
			isa = PBXVariantGroup;
			children = (
				C48E6E4922F80EB900AE7EEF /* Base */,
				C48E6E6422F80FE900AE7EEF /* zh-Hans */,
			);
			name = Main.storyboard;
			sourceTree = "<group>";
		};
		C48E6E4D22F80EBE00AE7EEF /* LaunchScreen.storyboard */ = {
			isa = PBXVariantGroup;
			children = (
				C48E6E4E22F80EBE00AE7EEF /* Base */,
				C48E6E6522F80FEA00AE7EEF /* zh-Hans */,
			);
			name = LaunchScreen.storyboard;
			sourceTree = "<group>";
		};
/* End PBXVariantGroup section */

/* Begin XCBuildConfiguration section */
		C48E6E5122F80EBE00AE7EEF /* Debug */ = {
			isa = XCBuildConfiguration;
			buildSettings = {
				ALWAYS_SEARCH_USER_PATHS = NO;
				CLANG_ANALYZER_LOCALIZABILITY_NONLOCALIZED = YES;
				CLANG_ANALYZER_NONNULL = YES;
				CLANG_ANALYZER_NUMBER_OBJECT_CONVERSION = YES_AGGRESSIVE;
				CLANG_CXX_LANGUAGE_STANDARD = "gnu++14";
				CLANG_CXX_LIBRARY = "libc++";
				CLANG_ENABLE_MODULES = YES;
				CLANG_ENABLE_OBJC_ARC = YES;
				CLANG_ENABLE_OBJC_WEAK = YES;
				CLANG_WARN_BLOCK_CAPTURE_AUTORELEASING = YES;
				CLANG_WARN_BOOL_CONVERSION = YES;
				CLANG_WARN_COMMA = YES;
				CLANG_WARN_CONSTANT_CONVERSION = YES;
				CLANG_WARN_DEPRECATED_OBJC_IMPLEMENTATIONS = YES;
				CLANG_WARN_DIRECT_OBJC_ISA_USAGE = YES_ERROR;
				CLANG_WARN_DOCUMENTATION_COMMENTS = YES;
				CLANG_WARN_EMPTY_BODY = YES;
				CLANG_WARN_ENUM_CONVERSION = YES;
				CLANG_WARN_INFINITE_RECURSION = YES;
				CLANG_WARN_INT_CONVERSION = YES;
				CLANG_WARN_NON_LITERAL_NULL_CONVERSION = YES;
				CLANG_WARN_OBJC_IMPLICIT_RETAIN_SELF = YES;
				CLANG_WARN_OBJC_LITERAL_CONVERSION = YES;
				CLANG_WARN_OBJC_ROOT_CLASS = YES_ERROR;
				CLANG_WARN_RANGE_LOOP_ANALYSIS = YES;
				CLANG_WARN_STRICT_PROTOTYPES = YES;
				CLANG_WARN_SUSPICIOUS_MOVE = YES;
				CLANG_WARN_UNGUARDED_AVAILABILITY = YES_AGGRESSIVE;
				CLANG_WARN_UNREACHABLE_CODE = YES;
				CLANG_WARN__DUPLICATE_METHOD_MATCH = YES;
				CODE_SIGN_IDENTITY = "iPhone Developer";
				COPY_PHASE_STRIP = NO;
				DEBUG_INFORMATION_FORMAT = dwarf;
				ENABLE_STRICT_OBJC_MSGSEND = YES;
				ENABLE_TESTABILITY = YES;
				GCC_C_LANGUAGE_STANDARD = gnu11;
				GCC_DYNAMIC_NO_PIC = NO;
				GCC_NO_COMMON_BLOCKS = YES;
				GCC_OPTIMIZATION_LEVEL = 0;
				GCC_PREPROCESSOR_DEFINITIONS = (
					"DEBUG=1",
					"$(inherited)",
				);
				GCC_WARN_64_TO_32_BIT_CONVERSION = YES;
				GCC_WARN_ABOUT_RETURN_TYPE = YES_ERROR;
				GCC_WARN_UNDECLARED_SELECTOR = YES;
				GCC_WARN_UNINITIALIZED_AUTOS = YES_AGGRESSIVE;
				GCC_WARN_UNUSED_FUNCTION = YES;
				GCC_WARN_UNUSED_VARIABLE = YES;
				IPHONEOS_DEPLOYMENT_TARGET = 9.0;
				MTL_ENABLE_DEBUG_INFO = INCLUDE_SOURCE;
				MTL_FAST_MATH = YES;
				ONLY_ACTIVE_ARCH = YES;
				SDKROOT = iphoneos;
				SWIFT_ACTIVE_COMPILATION_CONDITIONS = DEBUG;
				SWIFT_OPTIMIZATION_LEVEL = "-Onone";
			};
			name = Debug;
		};
		C48E6E5222F80EBE00AE7EEF /* Release */ = {
			isa = XCBuildConfiguration;
			buildSettings = {
				ALWAYS_SEARCH_USER_PATHS = NO;
				CLANG_ANALYZER_LOCALIZABILITY_NONLOCALIZED = YES;
				CLANG_ANALYZER_NONNULL = YES;
				CLANG_ANALYZER_NUMBER_OBJECT_CONVERSION = YES_AGGRESSIVE;
				CLANG_CXX_LANGUAGE_STANDARD = "gnu++14";
				CLANG_CXX_LIBRARY = "libc++";
				CLANG_ENABLE_MODULES = YES;
				CLANG_ENABLE_OBJC_ARC = YES;
				CLANG_ENABLE_OBJC_WEAK = YES;
				CLANG_WARN_BLOCK_CAPTURE_AUTORELEASING = YES;
				CLANG_WARN_BOOL_CONVERSION = YES;
				CLANG_WARN_COMMA = YES;
				CLANG_WARN_CONSTANT_CONVERSION = YES;
				CLANG_WARN_DEPRECATED_OBJC_IMPLEMENTATIONS = YES;
				CLANG_WARN_DIRECT_OBJC_ISA_USAGE = YES_ERROR;
				CLANG_WARN_DOCUMENTATION_COMMENTS = YES;
				CLANG_WARN_EMPTY_BODY = YES;
				CLANG_WARN_ENUM_CONVERSION = YES;
				CLANG_WARN_INFINITE_RECURSION = YES;
				CLANG_WARN_INT_CONVERSION = YES;
				CLANG_WARN_NON_LITERAL_NULL_CONVERSION = YES;
				CLANG_WARN_OBJC_IMPLICIT_RETAIN_SELF = YES;
				CLANG_WARN_OBJC_LITERAL_CONVERSION = YES;
				CLANG_WARN_OBJC_ROOT_CLASS = YES_ERROR;
				CLANG_WARN_RANGE_LOOP_ANALYSIS = YES;
				CLANG_WARN_STRICT_PROTOTYPES = YES;
				CLANG_WARN_SUSPICIOUS_MOVE = YES;
				CLANG_WARN_UNGUARDED_AVAILABILITY = YES_AGGRESSIVE;
				CLANG_WARN_UNREACHABLE_CODE = YES;
				CLANG_WARN__DUPLICATE_METHOD_MATCH = YES;
				CODE_SIGN_IDENTITY = "iPhone Developer";
				COPY_PHASE_STRIP = NO;
				DEBUG_INFORMATION_FORMAT = "dwarf-with-dsym";
				ENABLE_NS_ASSERTIONS = NO;
				ENABLE_STRICT_OBJC_MSGSEND = YES;
				GCC_C_LANGUAGE_STANDARD = gnu11;
				GCC_NO_COMMON_BLOCKS = YES;
				GCC_WARN_64_TO_32_BIT_CONVERSION = YES;
				GCC_WARN_ABOUT_RETURN_TYPE = YES_ERROR;
				GCC_WARN_UNDECLARED_SELECTOR = YES;
				GCC_WARN_UNINITIALIZED_AUTOS = YES_AGGRESSIVE;
				GCC_WARN_UNUSED_FUNCTION = YES;
				GCC_WARN_UNUSED_VARIABLE = YES;
				IPHONEOS_DEPLOYMENT_TARGET = 9.0;
				MTL_ENABLE_DEBUG_INFO = NO;
				MTL_FAST_MATH = YES;
				SDKROOT = iphoneos;
				SWIFT_COMPILATION_MODE = wholemodule;
				SWIFT_OPTIMIZATION_LEVEL = "-O";
				VALIDATE_PRODUCT = YES;
			};
			name = Release;
		};
		C48E6E5422F80EBE00AE7EEF /* Debug */ = {
			isa = XCBuildConfiguration;
			baseConfigurationReference = 63786E64292526A7DC8716EB /* Pods-SwiftProjectExample.debug.xcconfig */;
			buildSettings = {
				ASSETCATALOG_COMPILER_APPICON_NAME = AppIcon;
				CODE_SIGN_STYLE = Automatic;
				DEVELOPMENT_TEAM = 58UK378632;
				INFOPLIST_FILE = "$(SRCROOT)/SwiftProjectExample/SwiftProjectExample.plist";
				IPHONEOS_DEPLOYMENT_TARGET = 9.0;
				LD_RUNPATH_SEARCH_PATHS = (
					"$(inherited)",
					"@executable_path/Frameworks",
				);
				PRODUCT_BUNDLE_IDENTIFIER = bob.SwiftProjectExample;
				PRODUCT_NAME = "$(TARGET_NAME)";
				SWIFT_VERSION = 4.2;
				TARGETED_DEVICE_FAMILY = "1,2";
			};
			name = Debug;
		};
		C48E6E5522F80EBE00AE7EEF /* Release */ = {
			isa = XCBuildConfiguration;
			baseConfigurationReference = 7CE5A756EFA7C4E05C3EA727 /* Pods-SwiftProjectExample.release.xcconfig */;
			buildSettings = {
				ASSETCATALOG_COMPILER_APPICON_NAME = AppIcon;
				CODE_SIGN_STYLE = Automatic;
				DEVELOPMENT_TEAM = 58UK378632;
				INFOPLIST_FILE = "$(SRCROOT)/SwiftProjectExample/SwiftProjectExample.plist";
				IPHONEOS_DEPLOYMENT_TARGET = 9.0;
				LD_RUNPATH_SEARCH_PATHS = (
					"$(inherited)",
					"@executable_path/Frameworks",
				);
				PRODUCT_BUNDLE_IDENTIFIER = bob.SwiftProjectExample;
				PRODUCT_NAME = "$(TARGET_NAME)";
				SWIFT_VERSION = 4.2;
				TARGETED_DEVICE_FAMILY = "1,2";
			};
			name = Release;
		};
		C48E6E7022F80FEF00AE7EEF /* Debug */ = {
			isa = XCBuildConfiguration;
			baseConfigurationReference = 019F5CD53C8728496D0DB0FE /* Pods-SwiftProjectExampleQ.debug.xcconfig */;
			buildSettings = {
				ASSETCATALOG_COMPILER_APPICON_NAME = AppIcon;
				CODE_SIGN_IDENTITY = "iPhone Developer";
				CODE_SIGN_STYLE = Automatic;
				DEVELOPMENT_TEAM = 58UK378632;
				GCC_PREPROCESSOR_DEFINITIONS = (
					"DEBUG=1",
					"$(inherited)",
					"ISENTERPRISE=1",
				);
				INFOPLIST_FILE = "$(SRCROOT)/SwiftProjectExampleQ.plist";
				IPHONEOS_DEPLOYMENT_TARGET = 9.0;
				LD_RUNPATH_SEARCH_PATHS = (
					"$(inherited)",
					"@executable_path/Frameworks",
				);
				PRODUCT_BUNDLE_IDENTIFIER = bob.SwiftProjectExampleQ;
				PRODUCT_NAME = "$(TARGET_NAME)";
				PROVISIONING_PROFILE_SPECIFIER = "";
				SWIFT_VERSION = 4.2;
				TARGETED_DEVICE_FAMILY = "1,2";
			};
			name = Debug;
		};
		C48E6E7122F80FEF00AE7EEF /* Release */ = {
			isa = XCBuildConfiguration;
			baseConfigurationReference = EACC2AC784151AAF9006CF6C /* Pods-SwiftProjectExampleQ.release.xcconfig */;
			buildSettings = {
				ASSETCATALOG_COMPILER_APPICON_NAME = AppIcon;
				CODE_SIGN_IDENTITY = "iPhone Developer";
				CODE_SIGN_STYLE = Automatic;
				DEVELOPMENT_TEAM = 58UK378632;
				INFOPLIST_FILE = "$(SRCROOT)/SwiftProjectExampleQ.plist";
				IPHONEOS_DEPLOYMENT_TARGET = 9.0;
				LD_RUNPATH_SEARCH_PATHS = (
					"$(inherited)",
					"@executable_path/Frameworks",
				);
				PRODUCT_BUNDLE_IDENTIFIER = bob.SwiftProjectExampleQ;
				PRODUCT_NAME = "$(TARGET_NAME)";
				PROVISIONING_PROFILE_SPECIFIER = "";
				SWIFT_VERSION = 4.2;
				TARGETED_DEVICE_FAMILY = "1,2";
			};
			name = Release;
		};
/* End XCBuildConfiguration section */

/* Begin XCConfigurationList section */
		C48E6E3C22F80EB900AE7EEF /* Build configuration list for PBXProject "SwiftProjectExample" */ = {
			isa = XCConfigurationList;
			buildConfigurations = (
				C48E6E5122F80EBE00AE7EEF /* Debug */,
				C48E6E5222F80EBE00AE7EEF /* Release */,
			);
			defaultConfigurationIsVisible = 0;
			defaultConfigurationName = Release;
		};
		C48E6E5322F80EBE00AE7EEF /* Build configuration list for PBXNativeTarget "SwiftProjectExample" */ = {
			isa = XCConfigurationList;
			buildConfigurations = (
				C48E6E5422F80EBE00AE7EEF /* Debug */,
				C48E6E5522F80EBE00AE7EEF /* Release */,
			);
			defaultConfigurationIsVisible = 0;
			defaultConfigurationName = Release;
		};
		C48E6E6F22F80FEF00AE7EEF /* Build configuration list for PBXNativeTarget "SwiftProjectExampleQ" */ = {
			isa = XCConfigurationList;
			buildConfigurations = (
				C48E6E7022F80FEF00AE7EEF /* Debug */,
				C48E6E7122F80FEF00AE7EEF /* Release */,
			);
			defaultConfigurationIsVisible = 0;
			defaultConfigurationName = Release;
		};
/* End XCConfigurationList section */
	};
	rootObject = C48E6E3922F80EB900AE7EEF /* Project object */;
}
